
Microsoft Visual Studio Solution File, Format Version 12.00
# Visual Studio Version 17
VisualStudioVersion = 17.11.35312.102
MinimumVisualStudioVersion = 10.0.40219.1
Project("{FAE04EC0-301F-11D3-BF4B-00C04F79EFBC}") = "WinFormsApp4", "WinFormsApp4\WinFormsApp4.csproj", "{8542B00D-66E1-40CE-A2BD-F0C46A92AA6B}"
EndProject
Global
	GlobalSection(SolutionConfigurationPlatforms) = preSolution
		Debug|Any CPU = Debug|Any CPU
		Release|Any CPU = Release|Any CPU
	EndGlobalSection
	GlobalSection(ProjectConfigurationPlatforms) = postSolution
		{8542B00D-66E1-40CE-A2BD-F0C46A92AA6B}.Debug|Any CPU.ActiveCfg = Debug|Any CPU
		{8542B00D-66E1-40CE-A2BD-F0C46A92AA6B}.Debug|Any CPU.Build.0 = Debug|Any CPU
		{8542B00D-66E1-40CE-A2BD-F0C46A92AA6B}.Release|Any CPU.ActiveCfg = Release|Any CPU
		{8542B00D-66E1-40CE-A2BD-F0C46A92AA6B}.Release|Any CPU.Build.0 = Release|Any CPU
	EndGlobalSection
	GlobalSection(SolutionProperties) = preSolution
		HideSolutionNode = FALSE
	EndGlobalSection
	GlobalSection(ExtensibilityGlobals) = postSolution
		SolutionGuid = {4A47FE5E-6076-4DB9-B526-7157231B3353}
	EndGlobalSection
EndGlobal
